<?xml version="1.0" encoding="UTF-8" standalone="yes" ?>
<CodeBlocks_project_file>
	<FileVersion major="1" minor="6" />
	<Project>
		<Option title="Braile" />
		<Option pch_mode="2" />
		<Option compiler="gcc" />
		<Build>
			<Target title="Debug">
				<Option output="bin/Debug/Braile" prefix_auto="1" extension_auto="1" />
				<Option object_output="obj/Debug/" />
				<Option type="1" />
				<Option compiler="gcc" />
				<Compiler>
					<Add option="-g" />
				</Compiler>
				<Linker>
					<Add library="mingw32" />
					<Add library="SDL2main" />
					<Add library="SDL2" />
					<Add library="SDL2_mixer" />
				</Linker>
			</Target>
			<Target title="Release">
				<Option output="bin/Release/Braile" prefix_auto="1" extension_auto="1" />
				<Option object_output="obj/Release/" />
				<Option type="1" />
				<Option compiler="gcc" />
				<Compiler>
					<Add option="-O2" />
				</Compiler>
				<Linker>
					<Add option="-s" />
				</Linker>
			</Target>
		</Build>
		<Compiler>
			<Add option="-Wall" />
			<Add directory="libs/SDL2-2.28.5/x86_64-w64-mingw32/include/SDL2" />
			<Add directory="libs/SDL2_mixer-2.8.0/x86_64-w64-mingw32/include/SDL2" />
		</Compiler>
		<Linker>
			<Add option="-lwinmm" />
			<Add option="-lSDL2" />
			<Add option="-lSDL2main" />
			<Add option="-lSDL2_mixer" />
			<Add library="mingw32" />
			<Add library="SDL2" />
			<Add library="SDL2main" />
			<Add library="SDL2_mixer" />
			<Add directory="libs/SDL2-2.28.5/x86_64-w64-mingw32/lib" />
			<Add directory="libs/SDL2_mixer-2.8.0/x86_64-w64-mingw32/lib" />
		</Linker>
		<Unit filename="aux-threads.h" />
		<Unit filename="config-functions.h" />
		<Unit filename="declarations.h" />
		<Unit filename="main-functions.h" />
		<Unit filename="main.c">
			<Option compilerVar="CC" />
		</Unit>
		<Unit filename="resources.rc">
			<Option compilerVar="WINDRES" />
		</Unit>
		<Unit filename="savesystem.h" />
		<Extensions>
			<lib_finder disable_auto="1" />
		</Extensions>
	</Project>
</CodeBlocks_project_file>
